
Microsoft Visual Studio Solution File, Format Version 12.00
# Visual Studio Version 17
VisualStudioVersion = 17.9.34714.143
MinimumVisualStudioVersion = 10.0.40219.1
Project("{FAE04EC0-301F-11D3-BF4B-00C04F79EFBC}") = "DoAnCoSo", "DoAnCoSo\DoAnCoSo.csproj", "{AB0DBD06-0085-40ED-9CDD-D1C5A3DBEA7A}"
EndProject
Global
	GlobalSection(SolutionConfigurationPlatforms) = preSolution
		Debug|Any CPU = Debug|Any CPU
		Release|Any CPU = Release|Any CPU
	EndGlobalSection
	GlobalSection(ProjectConfigurationPlatforms) = postSolution
		{AB0DBD06-0085-40ED-9CDD-D1C5A3DBEA7A}.Debug|Any CPU.ActiveCfg = Debug|Any CPU
		{AB0DBD06-0085-40ED-9CDD-D1C5A3DBEA7A}.Debug|Any CPU.Build.0 = Debug|Any CPU
		{AB0DBD06-0085-40ED-9CDD-D1C5A3DBEA7A}.Release|Any CPU.ActiveCfg = Release|Any CPU
		{AB0DBD06-0085-40ED-9CDD-D1C5A3DBEA7A}.Release|Any CPU.Build.0 = Release|Any CPU
	EndGlobalSection
	GlobalSection(SolutionProperties) = preSolution
		HideSolutionNode = FALSE
	EndGlobalSection
	GlobalSection(ExtensibilityGlobals) = postSolution
		SolutionGuid = {84B205E2-3F9E-48A2-B8AC-EA426751697A}
	EndGlobalSection
EndGlobal
